{
  "object": {
    "pins": [
      {
        "package": "CryptoSwift",
        "repositoryURL": "https://github.com/krzyzanowskim/CryptoSwift.git",
        "state": {
          "branch": null,
          "revision": "12f2389aca4a07e0dd54c86ec23d0721ed88b8db",
          "version": "1.4.3"
        }
      },
      {
        "package": "MSAL",
        "repositoryURL": "https://github.com/AzureAD/microsoft-authentication-library-for-objc",
        "state": {
          "branch": null,
          "revision": "de9e253b3bf5f41d4c5ef177cb5dcc5f45d8071f",
          "version": "1.1.26"
        }
      },
      {
        "package": "Tono",
        "repositoryURL": "https://github.com/mtonosaki/TonoSwift.git",
        "state": {
          "branch": "main",
          "revision": "ab51eb6a255cb0690c031754ac0de5bf0103d420",
          "version": null
        }
      }
    ]
  },
  "version": 1
}
