{
  "object": {
    "pins": [
      {
        "package": "CryptoSwift",
        "repositoryURL": "https://github.com/krzyzanowskim/CryptoSwift.git",
        "state": {
          "branch": null,
          "revision": "4b0565384d3c4c588af09e660535b2c7c9bf5b39",
          "version": "1.4.2"
        }
      },
      {
        "package": "MSAL",
        "repositoryURL": "https://github.com/AzureAD/microsoft-authentication-library-for-objc",
        "state": {
          "branch": null,
          "revision": "14a1750834d13567de1a4afb0fa148a22bd7ddbf",
          "version": "1.1.25"
        }
      }
    ]
  },
  "version": 1
}
