// !$*UTF8*$!
{
	archiveVersion = 1;
	classes = {
	};
	objectVersion = 55;
	objects = {

/* Begin PBXBuildFile section */
		0227FCFD2750A66300B19393 /* MSAL in Frameworks */ = {isa = PBXBuildFile; productRef = 0227FCFC2750A66300B19393 /* MSAL */; };
		0227FCFF2750A72300B19393 /* MySecret.swift in Sources */ = {isa = PBXBuildFile; fileRef = 0227FCFE2750A72300B19393 /* MySecret.swift */; };
		02B0FE1127546141007337F6 /* ViewControllerAuthCloud.swift in Sources */ = {isa = PBXBuildFile; fileRef = 02B0FE1027546141007337F6 /* ViewControllerAuthCloud.swift */; };
		02B0FE1327546206007337F6 /* ViewControllerAuthDevice.swift in Sources */ = {isa = PBXBuildFile; fileRef = 02B0FE1227546206007337F6 /* ViewControllerAuthDevice.swift */; };
		02B0FE152754C26F007337F6 /* ViewControllerAuthLog.swift in Sources */ = {isa = PBXBuildFile; fileRef = 02B0FE142754C26F007337F6 /* ViewControllerAuthLog.swift */; };
		02EB98EF274E33090088B99D /* AppDelegate.swift in Sources */ = {isa = PBXBuildFile; fileRef = 02EB98EE274E33090088B99D /* AppDelegate.swift */; };
		02EB98F1274E33090088B99D /* SceneDelegate.swift in Sources */ = {isa = PBXBuildFile; fileRef = 02EB98F0274E33090088B99D /* SceneDelegate.swift */; };
		02EB98F3274E33090088B99D /* ViewControllerAuth.swift in Sources */ = {isa = PBXBuildFile; fileRef = 02EB98F2274E33090088B99D /* ViewControllerAuth.swift */; };
		02EB98F6274E33090088B99D /* Main.storyboard in Resources */ = {isa = PBXBuildFile; fileRef = 02EB98F4274E33090088B99D /* Main.storyboard */; };
		02EB98F8274E330A0088B99D /* Assets.xcassets in Resources */ = {isa = PBXBuildFile; fileRef = 02EB98F7274E330A0088B99D /* Assets.xcassets */; };
		02EB98FB274E330A0088B99D /* LaunchScreen.storyboard in Resources */ = {isa = PBXBuildFile; fileRef = 02EB98F9274E330A0088B99D /* LaunchScreen.storyboard */; };
		02EB9906274E330A0088B99D /* tSecretaTests.swift in Sources */ = {isa = PBXBuildFile; fileRef = 02EB9905274E330A0088B99D /* tSecretaTests.swift */; };
		02EB9910274E330A0088B99D /* tSecretaUITests.swift in Sources */ = {isa = PBXBuildFile; fileRef = 02EB990F274E330A0088B99D /* tSecretaUITests.swift */; };
		02EB9912274E330A0088B99D /* tSecretaUITestsLaunchTests.swift in Sources */ = {isa = PBXBuildFile; fileRef = 02EB9911274E330A0088B99D /* tSecretaUITestsLaunchTests.swift */; };
/* End PBXBuildFile section */

/* Begin PBXContainerItemProxy section */
		02EB9902274E330A0088B99D /* PBXContainerItemProxy */ = {
			isa = PBXContainerItemProxy;
			containerPortal = 02EB98E3274E33090088B99D /* Project object */;
			proxyType = 1;
			remoteGlobalIDString = 02EB98EA274E33090088B99D;
			remoteInfo = tSecreta;
		};
		02EB990C274E330A0088B99D /* PBXContainerItemProxy */ = {
			isa = PBXContainerItemProxy;
			containerPortal = 02EB98E3274E33090088B99D /* Project object */;
			proxyType = 1;
			remoteGlobalIDString = 02EB98EA274E33090088B99D;
			remoteInfo = tSecreta;
		};
/* End PBXContainerItemProxy section */

/* Begin PBXFileReference section */
		0227FCFE2750A72300B19393 /* MySecret.swift */ = {isa = PBXFileReference; lastKnownFileType = sourcecode.swift; path = MySecret.swift; sourceTree = "<group>"; };
		0227FD002750AE2700B19393 /* Readme.AzureAD.md */ = {isa = PBXFileReference; lastKnownFileType = net.daringfireball.markdown; path = Readme.AzureAD.md; sourceTree = "<group>"; };
		0227FD012750C60900B19393 /* tSecreta.entitlements */ = {isa = PBXFileReference; lastKnownFileType = text.plist.entitlements; path = tSecreta.entitlements; sourceTree = "<group>"; };
		02B0FE1027546141007337F6 /* ViewControllerAuthCloud.swift */ = {isa = PBXFileReference; lastKnownFileType = sourcecode.swift; path = ViewControllerAuthCloud.swift; sourceTree = "<group>"; };
		02B0FE1227546206007337F6 /* ViewControllerAuthDevice.swift */ = {isa = PBXFileReference; lastKnownFileType = sourcecode.swift; path = ViewControllerAuthDevice.swift; sourceTree = "<group>"; };
		02B0FE142754C26F007337F6 /* ViewControllerAuthLog.swift */ = {isa = PBXFileReference; lastKnownFileType = sourcecode.swift; path = ViewControllerAuthLog.swift; sourceTree = "<group>"; };
		02EB98EB274E33090088B99D /* tSecreta.app */ = {isa = PBXFileReference; explicitFileType = wrapper.application; includeInIndex = 0; path = tSecreta.app; sourceTree = BUILT_PRODUCTS_DIR; };
		02EB98EE274E33090088B99D /* AppDelegate.swift */ = {isa = PBXFileReference; lastKnownFileType = sourcecode.swift; path = AppDelegate.swift; sourceTree = "<group>"; };
		02EB98F0274E33090088B99D /* SceneDelegate.swift */ = {isa = PBXFileReference; lastKnownFileType = sourcecode.swift; path = SceneDelegate.swift; sourceTree = "<group>"; };
		02EB98F2274E33090088B99D /* ViewControllerAuth.swift */ = {isa = PBXFileReference; lastKnownFileType = sourcecode.swift; path = ViewControllerAuth.swift; sourceTree = "<group>"; };
		02EB98F5274E33090088B99D /* Base */ = {isa = PBXFileReference; lastKnownFileType = file.storyboard; name = Base; path = Base.lproj/Main.storyboard; sourceTree = "<group>"; };
		02EB98F7274E330A0088B99D /* Assets.xcassets */ = {isa = PBXFileReference; lastKnownFileType = folder.assetcatalog; path = Assets.xcassets; sourceTree = "<group>"; };
		02EB98FA274E330A0088B99D /* Base */ = {isa = PBXFileReference; lastKnownFileType = file.storyboard; name = Base; path = Base.lproj/LaunchScreen.storyboard; sourceTree = "<group>"; };
		02EB98FC274E330A0088B99D /* Info.plist */ = {isa = PBXFileReference; lastKnownFileType = text.plist.xml; path = Info.plist; sourceTree = "<group>"; };
		02EB9901274E330A0088B99D /* tSecretaTests.xctest */ = {isa = PBXFileReference; explicitFileType = wrapper.cfbundle; includeInIndex = 0; path = tSecretaTests.xctest; sourceTree = BUILT_PRODUCTS_DIR; };
		02EB9905274E330A0088B99D /* tSecretaTests.swift */ = {isa = PBXFileReference; lastKnownFileType = sourcecode.swift; path = tSecretaTests.swift; sourceTree = "<group>"; };
		02EB990B274E330A0088B99D /* tSecretaUITests.xctest */ = {isa = PBXFileReference; explicitFileType = wrapper.cfbundle; includeInIndex = 0; path = tSecretaUITests.xctest; sourceTree = BUILT_PRODUCTS_DIR; };
		02EB990F274E330A0088B99D /* tSecretaUITests.swift */ = {isa = PBXFileReference; lastKnownFileType = sourcecode.swift; path = tSecretaUITests.swift; sourceTree = "<group>"; };
		02EB9911274E330A0088B99D /* tSecretaUITestsLaunchTests.swift */ = {isa = PBXFileReference; lastKnownFileType = sourcecode.swift; path = tSecretaUITestsLaunchTests.swift; sourceTree = "<group>"; };
/* End PBXFileReference section */

/* Begin PBXFrameworksBuildPhase section */
		02EB98E8274E33090088B99D /* Frameworks */ = {
			isa = PBXFrameworksBuildPhase;
			buildActionMask = 2147483647;
			files = (
				0227FCFD2750A66300B19393 /* MSAL in Frameworks */,
			);
			runOnlyForDeploymentPostprocessing = 0;
		};
		02EB98FE274E330A0088B99D /* Frameworks */ = {
			isa = PBXFrameworksBuildPhase;
			buildActionMask = 2147483647;
			files = (
			);
			runOnlyForDeploymentPostprocessing = 0;
		};
		02EB9908274E330A0088B99D /* Frameworks */ = {
			isa = PBXFrameworksBuildPhase;
			buildActionMask = 2147483647;
			files = (
			);
			runOnlyForDeploymentPostprocessing = 0;
		};
/* End PBXFrameworksBuildPhase section */

/* Begin PBXGroup section */
		02B0FE162754F4E2007337F6 /* FeatureAuth */ = {
			isa = PBXGroup;
			children = (
				02B0FE172754F540007337F6 /* Secret */,
				02EB98F2274E33090088B99D /* ViewControllerAuth.swift */,
				02B0FE1027546141007337F6 /* ViewControllerAuthCloud.swift */,
				02B0FE1227546206007337F6 /* ViewControllerAuthDevice.swift */,
				02B0FE142754C26F007337F6 /* ViewControllerAuthLog.swift */,
			);
			name = FeatureAuth;
			sourceTree = "<group>";
		};
		02B0FE172754F540007337F6 /* Secret */ = {
			isa = PBXGroup;
			children = (
				0227FCFE2750A72300B19393 /* MySecret.swift */,
			);
			name = Secret;
			sourceTree = "<group>";
		};
		02EB98E2274E33090088B99D = {
			isa = PBXGroup;
			children = (
				02EB98ED274E33090088B99D /* tSecreta */,
				02EB9904274E330A0088B99D /* tSecretaTests */,
				02EB990E274E330A0088B99D /* tSecretaUITests */,
				02EB98EC274E33090088B99D /* Products */,
			);
			sourceTree = "<group>";
		};
		02EB98EC274E33090088B99D /* Products */ = {
			isa = PBXGroup;
			children = (
				02EB98EB274E33090088B99D /* tSecreta.app */,
				02EB9901274E330A0088B99D /* tSecretaTests.xctest */,
				02EB990B274E330A0088B99D /* tSecretaUITests.xctest */,
			);
			name = Products;
			sourceTree = "<group>";
		};
		02EB98ED274E33090088B99D /* tSecreta */ = {
			isa = PBXGroup;
			children = (
				02B0FE162754F4E2007337F6 /* FeatureAuth */,
				02EB98EE274E33090088B99D /* AppDelegate.swift */,
				02EB98F0274E33090088B99D /* SceneDelegate.swift */,
				02EB98F9274E330A0088B99D /* LaunchScreen.storyboard */,
				02EB98F4274E33090088B99D /* Main.storyboard */,
				0227FD012750C60900B19393 /* tSecreta.entitlements */,
				02EB98F7274E330A0088B99D /* Assets.xcassets */,
				02EB98FC274E330A0088B99D /* Info.plist */,
				0227FD002750AE2700B19393 /* Readme.AzureAD.md */,
			);
			path = tSecreta;
			sourceTree = "<group>";
		};
		02EB9904274E330A0088B99D /* tSecretaTests */ = {
			isa = PBXGroup;
			children = (
				02EB9905274E330A0088B99D /* tSecretaTests.swift */,
			);
			path = tSecretaTests;
			sourceTree = "<group>";
		};
		02EB990E274E330A0088B99D /* tSecretaUITests */ = {
			isa = PBXGroup;
			children = (
				02EB990F274E330A0088B99D /* tSecretaUITests.swift */,
				02EB9911274E330A0088B99D /* tSecretaUITestsLaunchTests.swift */,
			);
			path = tSecretaUITests;
			sourceTree = "<group>";
		};
/* End PBXGroup section */

/* Begin PBXNativeTarget section */
		02EB98EA274E33090088B99D /* tSecreta */ = {
			isa = PBXNativeTarget;
			buildConfigurationList = 02EB9915274E330A0088B99D /* Build configuration list for PBXNativeTarget "tSecreta" */;
			buildPhases = (
				02EB98E7274E33090088B99D /* Sources */,
				02EB98E8274E33090088B99D /* Frameworks */,
				02EB98E9274E33090088B99D /* Resources */,
			);
			buildRules = (
			);
			dependencies = (
			);
			name = tSecreta;
			packageProductDependencies = (
				0227FCFC2750A66300B19393 /* MSAL */,
			);
			productName = tSecreta;
			productReference = 02EB98EB274E33090088B99D /* tSecreta.app */;
			productType = "com.apple.product-type.application";
		};
		02EB9900274E330A0088B99D /* tSecretaTests */ = {
			isa = PBXNativeTarget;
			buildConfigurationList = 02EB9918274E330A0088B99D /* Build configuration list for PBXNativeTarget "tSecretaTests" */;
			buildPhases = (
				02EB98FD274E330A0088B99D /* Sources */,
				02EB98FE274E330A0088B99D /* Frameworks */,
				02EB98FF274E330A0088B99D /* Resources */,
			);
			buildRules = (
			);
			dependencies = (
				02EB9903274E330A0088B99D /* PBXTargetDependency */,
			);
			name = tSecretaTests;
			productName = tSecretaTests;
			productReference = 02EB9901274E330A0088B99D /* tSecretaTests.xctest */;
			productType = "com.apple.product-type.bundle.unit-test";
		};
		02EB990A274E330A0088B99D /* tSecretaUITests */ = {
			isa = PBXNativeTarget;
			buildConfigurationList = 02EB991B274E330A0088B99D /* Build configuration list for PBXNativeTarget "tSecretaUITests" */;
			buildPhases = (
				02EB9907274E330A0088B99D /* Sources */,
				02EB9908274E330A0088B99D /* Frameworks */,
				02EB9909274E330A0088B99D /* Resources */,
			);
			buildRules = (
			);
			dependencies = (
				02EB990D274E330A0088B99D /* PBXTargetDependency */,
			);
			name = tSecretaUITests;
			productName = tSecretaUITests;
			productReference = 02EB990B274E330A0088B99D /* tSecretaUITests.xctest */;
			productType = "com.apple.product-type.bundle.ui-testing";
		};
/* End PBXNativeTarget section */

/* Begin PBXProject section */
		02EB98E3274E33090088B99D /* Project object */ = {
			isa = PBXProject;
			attributes = {
				BuildIndependentTargetsInParallel = 1;
				LastSwiftUpdateCheck = 1310;
				LastUpgradeCheck = 1310;
				TargetAttributes = {
					02EB98EA274E33090088B99D = {
						CreatedOnToolsVersion = 13.1;
					};
					02EB9900274E330A0088B99D = {
						CreatedOnToolsVersion = 13.1;
						TestTargetID = 02EB98EA274E33090088B99D;
					};
					02EB990A274E330A0088B99D = {
						CreatedOnToolsVersion = 13.1;
						TestTargetID = 02EB98EA274E33090088B99D;
					};
				};
			};
			buildConfigurationList = 02EB98E6274E33090088B99D /* Build configuration list for PBXProject "tSecreta" */;
			compatibilityVersion = "Xcode 13.0";
			developmentRegion = en;
			hasScannedForEncodings = 0;
			knownRegions = (
				en,
				Base,
			);
			mainGroup = 02EB98E2274E33090088B99D;
			packageReferences = (
				0227FCFB2750A66300B19393 /* XCRemoteSwiftPackageReference "microsoft-authentication-library-for-objc" */,
			);
			productRefGroup = 02EB98EC274E33090088B99D /* Products */;
			projectDirPath = "";
			projectRoot = "";
			targets = (
				02EB98EA274E33090088B99D /* tSecreta */,
				02EB9900274E330A0088B99D /* tSecretaTests */,
				02EB990A274E330A0088B99D /* tSecretaUITests */,
			);
		};
/* End PBXProject section */

/* Begin PBXResourcesBuildPhase section */
		02EB98E9274E33090088B99D /* Resources */ = {
			isa = PBXResourcesBuildPhase;
			buildActionMask = 2147483647;
			files = (
				02EB98FB274E330A0088B99D /* LaunchScreen.storyboard in Resources */,
				02EB98F8274E330A0088B99D /* Assets.xcassets in Resources */,
				02EB98F6274E33090088B99D /* Main.storyboard in Resources */,
			);
			runOnlyForDeploymentPostprocessing = 0;
		};
		02EB98FF274E330A0088B99D /* Resources */ = {
			isa = PBXResourcesBuildPhase;
			buildActionMask = 2147483647;
			files = (
			);
			runOnlyForDeploymentPostprocessing = 0;
		};
		02EB9909274E330A0088B99D /* Resources */ = {
			isa = PBXResourcesBuildPhase;
			buildActionMask = 2147483647;
			files = (
			);
			runOnlyForDeploymentPostprocessing = 0;
		};
/* End PBXResourcesBuildPhase section */

/* Begin PBXSourcesBuildPhase section */
		02EB98E7274E33090088B99D /* Sources */ = {
			isa = PBXSourcesBuildPhase;
			buildActionMask = 2147483647;
			files = (
				02EB98F3274E33090088B99D /* ViewControllerAuth.swift in Sources */,
				0227FCFF2750A72300B19393 /* MySecret.swift in Sources */,
				02B0FE1327546206007337F6 /* ViewControllerAuthDevice.swift in Sources */,
				02B0FE1127546141007337F6 /* ViewControllerAuthCloud.swift in Sources */,
				02EB98EF274E33090088B99D /* AppDelegate.swift in Sources */,
				02B0FE152754C26F007337F6 /* ViewControllerAuthLog.swift in Sources */,
				02EB98F1274E33090088B99D /* SceneDelegate.swift in Sources */,
			);
			runOnlyForDeploymentPostprocessing = 0;
		};
		02EB98FD274E330A0088B99D /* Sources */ = {
			isa = PBXSourcesBuildPhase;
			buildActionMask = 2147483647;
			files = (
				02EB9906274E330A0088B99D /* tSecretaTests.swift in Sources */,
			);
			runOnlyForDeploymentPostprocessing = 0;
		};
		02EB9907274E330A0088B99D /* Sources */ = {
			isa = PBXSourcesBuildPhase;
			buildActionMask = 2147483647;
			files = (
				02EB9912274E330A0088B99D /* tSecretaUITestsLaunchTests.swift in Sources */,
				02EB9910274E330A0088B99D /* tSecretaUITests.swift in Sources */,
			);
			runOnlyForDeploymentPostprocessing = 0;
		};
/* End PBXSourcesBuildPhase section */

/* Begin PBXTargetDependency section */
		02EB9903274E330A0088B99D /* PBXTargetDependency */ = {
			isa = PBXTargetDependency;
			target = 02EB98EA274E33090088B99D /* tSecreta */;
			targetProxy = 02EB9902274E330A0088B99D /* PBXContainerItemProxy */;
		};
		02EB990D274E330A0088B99D /* PBXTargetDependency */ = {
			isa = PBXTargetDependency;
			target = 02EB98EA274E33090088B99D /* tSecreta */;
			targetProxy = 02EB990C274E330A0088B99D /* PBXContainerItemProxy */;
		};
/* End PBXTargetDependency section */

/* Begin PBXVariantGroup section */
		02EB98F4274E33090088B99D /* Main.storyboard */ = {
			isa = PBXVariantGroup;
			children = (
				02EB98F5274E33090088B99D /* Base */,
			);
			name = Main.storyboard;
			sourceTree = "<group>";
		};
		02EB98F9274E330A0088B99D /* LaunchScreen.storyboard */ = {
			isa = PBXVariantGroup;
			children = (
				02EB98FA274E330A0088B99D /* Base */,
			);
			name = LaunchScreen.storyboard;
			sourceTree = "<group>";
		};
/* End PBXVariantGroup section */

/* Begin XCBuildConfiguration section */
		02EB9913274E330A0088B99D /* Debug */ = {
			isa = XCBuildConfiguration;
			buildSettings = {
				ALWAYS_SEARCH_USER_PATHS = NO;
				CLANG_ANALYZER_NONNULL = YES;
				CLANG_ANALYZER_NUMBER_OBJECT_CONVERSION = YES_AGGRESSIVE;
				CLANG_CXX_LANGUAGE_STANDARD = "gnu++17";
				CLANG_CXX_LIBRARY = "libc++";
				CLANG_ENABLE_MODULES = YES;
				CLANG_ENABLE_OBJC_ARC = YES;
				CLANG_ENABLE_OBJC_WEAK = YES;
				CLANG_WARN_BLOCK_CAPTURE_AUTORELEASING = YES;
				CLANG_WARN_BOOL_CONVERSION = YES;
				CLANG_WARN_COMMA = YES;
				CLANG_WARN_CONSTANT_CONVERSION = YES;
				CLANG_WARN_DEPRECATED_OBJC_IMPLEMENTATIONS = YES;
				CLANG_WARN_DIRECT_OBJC_ISA_USAGE = YES_ERROR;
				CLANG_WARN_DOCUMENTATION_COMMENTS = YES;
				CLANG_WARN_EMPTY_BODY = YES;
				CLANG_WARN_ENUM_CONVERSION = YES;
				CLANG_WARN_INFINITE_RECURSION = YES;
				CLANG_WARN_INT_CONVERSION = YES;
				CLANG_WARN_NON_LITERAL_NULL_CONVERSION = YES;
				CLANG_WARN_OBJC_IMPLICIT_RETAIN_SELF = YES;
				CLANG_WARN_OBJC_LITERAL_CONVERSION = YES;
				CLANG_WARN_OBJC_ROOT_CLASS = YES_ERROR;
				CLANG_WARN_QUOTED_INCLUDE_IN_FRAMEWORK_HEADER = YES;
				CLANG_WARN_RANGE_LOOP_ANALYSIS = YES;
				CLANG_WARN_STRICT_PROTOTYPES = YES;
				CLANG_WARN_SUSPICIOUS_MOVE = YES;
				CLANG_WARN_UNGUARDED_AVAILABILITY = YES_AGGRESSIVE;
				CLANG_WARN_UNREACHABLE_CODE = YES;
				CLANG_WARN__DUPLICATE_METHOD_MATCH = YES;
				COPY_PHASE_STRIP = NO;
				DEBUG_INFORMATION_FORMAT = dwarf;
				ENABLE_STRICT_OBJC_MSGSEND = YES;
				ENABLE_TESTABILITY = YES;
				GCC_C_LANGUAGE_STANDARD = gnu11;
				GCC_DYNAMIC_NO_PIC = NO;
				GCC_NO_COMMON_BLOCKS = YES;
				GCC_OPTIMIZATION_LEVEL = 0;
				GCC_PREPROCESSOR_DEFINITIONS = (
					"DEBUG=1",
					"$(inherited)",
				);
				GCC_WARN_64_TO_32_BIT_CONVERSION = YES;
				GCC_WARN_ABOUT_RETURN_TYPE = YES_ERROR;
				GCC_WARN_UNDECLARED_SELECTOR = YES;
				GCC_WARN_UNINITIALIZED_AUTOS = YES_AGGRESSIVE;
				GCC_WARN_UNUSED_FUNCTION = YES;
				GCC_WARN_UNUSED_VARIABLE = YES;
				IPHONEOS_DEPLOYMENT_TARGET = 15.0;
				MTL_ENABLE_DEBUG_INFO = INCLUDE_SOURCE;
				MTL_FAST_MATH = YES;
				ONLY_ACTIVE_ARCH = YES;
				SDKROOT = iphoneos;
				SWIFT_ACTIVE_COMPILATION_CONDITIONS = DEBUG;
				SWIFT_OPTIMIZATION_LEVEL = "-Onone";
			};
			name = Debug;
		};
		02EB9914274E330A0088B99D /* Release */ = {
			isa = XCBuildConfiguration;
			buildSettings = {
				ALWAYS_SEARCH_USER_PATHS = NO;
				CLANG_ANALYZER_NONNULL = YES;
				CLANG_ANALYZER_NUMBER_OBJECT_CONVERSION = YES_AGGRESSIVE;
				CLANG_CXX_LANGUAGE_STANDARD = "gnu++17";
				CLANG_CXX_LIBRARY = "libc++";
				CLANG_ENABLE_MODULES = YES;
				CLANG_ENABLE_OBJC_ARC = YES;
				CLANG_ENABLE_OBJC_WEAK = YES;
				CLANG_WARN_BLOCK_CAPTURE_AUTORELEASING = YES;
				CLANG_WARN_BOOL_CONVERSION = YES;
				CLANG_WARN_COMMA = YES;
				CLANG_WARN_CONSTANT_CONVERSION = YES;
				CLANG_WARN_DEPRECATED_OBJC_IMPLEMENTATIONS = YES;
				CLANG_WARN_DIRECT_OBJC_ISA_USAGE = YES_ERROR;
				CLANG_WARN_DOCUMENTATION_COMMENTS = YES;
				CLANG_WARN_EMPTY_BODY = YES;
				CLANG_WARN_ENUM_CONVERSION = YES;
				CLANG_WARN_INFINITE_RECURSION = YES;
				CLANG_WARN_INT_CONVERSION = YES;
				CLANG_WARN_NON_LITERAL_NULL_CONVERSION = YES;
				CLANG_WARN_OBJC_IMPLICIT_RETAIN_SELF = YES;
				CLANG_WARN_OBJC_LITERAL_CONVERSION = YES;
				CLANG_WARN_OBJC_ROOT_CLASS = YES_ERROR;
				CLANG_WARN_QUOTED_INCLUDE_IN_FRAMEWORK_HEADER = YES;
				CLANG_WARN_RANGE_LOOP_ANALYSIS = YES;
				CLANG_WARN_STRICT_PROTOTYPES = YES;
				CLANG_WARN_SUSPICIOUS_MOVE = YES;
				CLANG_WARN_UNGUARDED_AVAILABILITY = YES_AGGRESSIVE;
				CLANG_WARN_UNREACHABLE_CODE = YES;
				CLANG_WARN__DUPLICATE_METHOD_MATCH = YES;
				COPY_PHASE_STRIP = NO;
				DEBUG_INFORMATION_FORMAT = "dwarf-with-dsym";
				ENABLE_NS_ASSERTIONS = NO;
				ENABLE_STRICT_OBJC_MSGSEND = YES;
				GCC_C_LANGUAGE_STANDARD = gnu11;
				GCC_NO_COMMON_BLOCKS = YES;
				GCC_WARN_64_TO_32_BIT_CONVERSION = YES;
				GCC_WARN_ABOUT_RETURN_TYPE = YES_ERROR;
				GCC_WARN_UNDECLARED_SELECTOR = YES;
				GCC_WARN_UNINITIALIZED_AUTOS = YES_AGGRESSIVE;
				GCC_WARN_UNUSED_FUNCTION = YES;
				GCC_WARN_UNUSED_VARIABLE = YES;
				IPHONEOS_DEPLOYMENT_TARGET = 15.0;
				MTL_ENABLE_DEBUG_INFO = NO;
				MTL_FAST_MATH = YES;
				SDKROOT = iphoneos;
				SWIFT_COMPILATION_MODE = wholemodule;
				SWIFT_OPTIMIZATION_LEVEL = "-O";
				VALIDATE_PRODUCT = YES;
			};
			name = Release;
		};
		02EB9916274E330A0088B99D /* Debug */ = {
			isa = XCBuildConfiguration;
			buildSettings = {
				ASSETCATALOG_COMPILER_APPICON_NAME = AppIcon;
				ASSETCATALOG_COMPILER_GLOBAL_ACCENT_COLOR_NAME = AccentColor;
				CODE_SIGN_ENTITLEMENTS = tSecreta/tSecreta.entitlements;
				CODE_SIGN_STYLE = Automatic;
				CURRENT_PROJECT_VERSION = 1;
				DEVELOPMENT_TEAM = 42235ECE62;
				GENERATE_INFOPLIST_FILE = YES;
				INFOPLIST_FILE = tSecreta/Info.plist;
				INFOPLIST_KEY_UIApplicationSupportsIndirectInputEvents = YES;
				INFOPLIST_KEY_UILaunchStoryboardName = LaunchScreen;
				INFOPLIST_KEY_UIMainStoryboardFile = Main;
				INFOPLIST_KEY_UISupportedInterfaceOrientations = UIInterfaceOrientationPortrait;
				INFOPLIST_KEY_UISupportedInterfaceOrientations_iPad = "UIInterfaceOrientationPortrait UIInterfaceOrientationPortraitUpsideDown UIInterfaceOrientationLandscapeLeft UIInterfaceOrientationLandscapeRight";
				INFOPLIST_KEY_UISupportedInterfaceOrientations_iPhone = "UIInterfaceOrientationPortrait UIInterfaceOrientationLandscapeLeft UIInterfaceOrientationLandscapeRight";
				IPHONEOS_DEPLOYMENT_TARGET = 15.0;
				LD_RUNPATH_SEARCH_PATHS = (
					"$(inherited)",
					"@executable_path/Frameworks",
				);
				MARKETING_VERSION = 3.0;
				PRODUCT_BUNDLE_IDENTIFIER = com.tomarika.tSecreta;
				PRODUCT_NAME = "$(TARGET_NAME)";
				SWIFT_EMIT_LOC_STRINGS = YES;
				SWIFT_VERSION = 5.0;
				TARGETED_DEVICE_FAMILY = "1,2";
			};
			name = Debug;
		};
		02EB9917274E330A0088B99D /* Release */ = {
			isa = XCBuildConfiguration;
			buildSettings = {
				ASSETCATALOG_COMPILER_APPICON_NAME = AppIcon;
				ASSETCATALOG_COMPILER_GLOBAL_ACCENT_COLOR_NAME = AccentColor;
				CODE_SIGN_ENTITLEMENTS = tSecreta/tSecreta.entitlements;
				CODE_SIGN_STYLE = Automatic;
				CURRENT_PROJECT_VERSION = 1;
				DEVELOPMENT_TEAM = 42235ECE62;
				GENERATE_INFOPLIST_FILE = YES;
				INFOPLIST_FILE = tSecreta/Info.plist;
				INFOPLIST_KEY_UIApplicationSupportsIndirectInputEvents = YES;
				INFOPLIST_KEY_UILaunchStoryboardName = LaunchScreen;
				INFOPLIST_KEY_UIMainStoryboardFile = Main;
				INFOPLIST_KEY_UISupportedInterfaceOrientations = UIInterfaceOrientationPortrait;
				INFOPLIST_KEY_UISupportedInterfaceOrientations_iPad = "UIInterfaceOrientationPortrait UIInterfaceOrientationPortraitUpsideDown UIInterfaceOrientationLandscapeLeft UIInterfaceOrientationLandscapeRight";
				INFOPLIST_KEY_UISupportedInterfaceOrientations_iPhone = "UIInterfaceOrientationPortrait UIInterfaceOrientationLandscapeLeft UIInterfaceOrientationLandscapeRight";
				IPHONEOS_DEPLOYMENT_TARGET = 15.0;
				LD_RUNPATH_SEARCH_PATHS = (
					"$(inherited)",
					"@executable_path/Frameworks",
				);
				MARKETING_VERSION = 3.0;
				PRODUCT_BUNDLE_IDENTIFIER = com.tomarika.tSecreta;
				PRODUCT_NAME = "$(TARGET_NAME)";
				SWIFT_EMIT_LOC_STRINGS = YES;
				SWIFT_VERSION = 5.0;
				TARGETED_DEVICE_FAMILY = "1,2";
			};
			name = Release;
		};
		02EB9919274E330A0088B99D /* Debug */ = {
			isa = XCBuildConfiguration;
			buildSettings = {
				ALWAYS_EMBED_SWIFT_STANDARD_LIBRARIES = YES;
				BUNDLE_LOADER = "$(TEST_HOST)";
				CODE_SIGN_STYLE = Automatic;
				CURRENT_PROJECT_VERSION = 1;
				GENERATE_INFOPLIST_FILE = YES;
				IPHONEOS_DEPLOYMENT_TARGET = 15.0;
				LD_RUNPATH_SEARCH_PATHS = (
					"$(inherited)",
					"@executable_path/Frameworks",
					"@loader_path/Frameworks",
				);
				MARKETING_VERSION = 1.0;
				PRODUCT_BUNDLE_IDENTIFIER = com.tomarika.tSecretaTests;
				PRODUCT_NAME = "$(TARGET_NAME)";
				SWIFT_EMIT_LOC_STRINGS = NO;
				SWIFT_VERSION = 5.0;
				TARGETED_DEVICE_FAMILY = "1,2";
				TEST_HOST = "$(BUILT_PRODUCTS_DIR)/tSecreta.app/tSecreta";
			};
			name = Debug;
		};
		02EB991A274E330A0088B99D /* Release */ = {
			isa = XCBuildConfiguration;
			buildSettings = {
				ALWAYS_EMBED_SWIFT_STANDARD_LIBRARIES = YES;
				BUNDLE_LOADER = "$(TEST_HOST)";
				CODE_SIGN_STYLE = Automatic;
				CURRENT_PROJECT_VERSION = 1;
				GENERATE_INFOPLIST_FILE = YES;
				IPHONEOS_DEPLOYMENT_TARGET = 15.0;
				LD_RUNPATH_SEARCH_PATHS = (
					"$(inherited)",
					"@executable_path/Frameworks",
					"@loader_path/Frameworks",
				);
				MARKETING_VERSION = 1.0;
				PRODUCT_BUNDLE_IDENTIFIER = com.tomarika.tSecretaTests;
				PRODUCT_NAME = "$(TARGET_NAME)";
				SWIFT_EMIT_LOC_STRINGS = NO;
				SWIFT_VERSION = 5.0;
				TARGETED_DEVICE_FAMILY = "1,2";
				TEST_HOST = "$(BUILT_PRODUCTS_DIR)/tSecreta.app/tSecreta";
			};
			name = Release;
		};
		02EB991C274E330A0088B99D /* Debug */ = {
			isa = XCBuildConfiguration;
			buildSettings = {
				ALWAYS_EMBED_SWIFT_STANDARD_LIBRARIES = YES;
				CODE_SIGN_STYLE = Automatic;
				CURRENT_PROJECT_VERSION = 1;
				GENERATE_INFOPLIST_FILE = YES;
				LD_RUNPATH_SEARCH_PATHS = (
					"$(inherited)",
					"@executable_path/Frameworks",
					"@loader_path/Frameworks",
				);
				MARKETING_VERSION = 1.0;
				PRODUCT_BUNDLE_IDENTIFIER = com.tomarika.tSecretaUITests;
				PRODUCT_NAME = "$(TARGET_NAME)";
				SWIFT_EMIT_LOC_STRINGS = NO;
				SWIFT_VERSION = 5.0;
				TARGETED_DEVICE_FAMILY = "1,2";
				TEST_TARGET_NAME = tSecreta;
			};
			name = Debug;
		};
		02EB991D274E330A0088B99D /* Release */ = {
			isa = XCBuildConfiguration;
			buildSettings = {
				ALWAYS_EMBED_SWIFT_STANDARD_LIBRARIES = YES;
				CODE_SIGN_STYLE = Automatic;
				CURRENT_PROJECT_VERSION = 1;
				GENERATE_INFOPLIST_FILE = YES;
				LD_RUNPATH_SEARCH_PATHS = (
					"$(inherited)",
					"@executable_path/Frameworks",
					"@loader_path/Frameworks",
				);
				MARKETING_VERSION = 1.0;
				PRODUCT_BUNDLE_IDENTIFIER = com.tomarika.tSecretaUITests;
				PRODUCT_NAME = "$(TARGET_NAME)";
				SWIFT_EMIT_LOC_STRINGS = NO;
				SWIFT_VERSION = 5.0;
				TARGETED_DEVICE_FAMILY = "1,2";
				TEST_TARGET_NAME = tSecreta;
			};
			name = Release;
		};
/* End XCBuildConfiguration section */

/* Begin XCConfigurationList section */
		02EB98E6274E33090088B99D /* Build configuration list for PBXProject "tSecreta" */ = {
			isa = XCConfigurationList;
			buildConfigurations = (
				02EB9913274E330A0088B99D /* Debug */,
				02EB9914274E330A0088B99D /* Release */,
			);
			defaultConfigurationIsVisible = 0;
			defaultConfigurationName = Release;
		};
		02EB9915274E330A0088B99D /* Build configuration list for PBXNativeTarget "tSecreta" */ = {
			isa = XCConfigurationList;
			buildConfigurations = (
				02EB9916274E330A0088B99D /* Debug */,
				02EB9917274E330A0088B99D /* Release */,
			);
			defaultConfigurationIsVisible = 0;
			defaultConfigurationName = Release;
		};
		02EB9918274E330A0088B99D /* Build configuration list for PBXNativeTarget "tSecretaTests" */ = {
			isa = XCConfigurationList;
			buildConfigurations = (
				02EB9919274E330A0088B99D /* Debug */,
				02EB991A274E330A0088B99D /* Release */,
			);
			defaultConfigurationIsVisible = 0;
			defaultConfigurationName = Release;
		};
		02EB991B274E330A0088B99D /* Build configuration list for PBXNativeTarget "tSecretaUITests" */ = {
			isa = XCConfigurationList;
			buildConfigurations = (
				02EB991C274E330A0088B99D /* Debug */,
				02EB991D274E330A0088B99D /* Release */,
			);
			defaultConfigurationIsVisible = 0;
			defaultConfigurationName = Release;
		};
/* End XCConfigurationList section */

/* Begin XCRemoteSwiftPackageReference section */
		0227FCFB2750A66300B19393 /* XCRemoteSwiftPackageReference "microsoft-authentication-library-for-objc" */ = {
			isa = XCRemoteSwiftPackageReference;
			repositoryURL = "https://github.com/AzureAD/microsoft-authentication-library-for-objc";
			requirement = {
				branch = master;
				kind = branch;
			};
		};
/* End XCRemoteSwiftPackageReference section */

/* Begin XCSwiftPackageProductDependency section */
		0227FCFC2750A66300B19393 /* MSAL */ = {
			isa = XCSwiftPackageProductDependency;
			package = 0227FCFB2750A66300B19393 /* XCRemoteSwiftPackageReference "microsoft-authentication-library-for-objc" */;
			productName = MSAL;
		};
/* End XCSwiftPackageProductDependency section */
	};
	rootObject = 02EB98E3274E33090088B99D /* Project object */;
}
